
Microsoft Visual Studio Solution File, Format Version 12.00
# Visual Studio 15
VisualStudioVersion = 15.0.28010.2048
MinimumVisualStudioVersion = 10.0.40219.1
Project("{FAE04EC0-301F-11D3-BF4B-00C04F79EFBC}") = "28082019_WPF_Exam", "28082019_WPF_Exam\28082019_WPF_Exam.csproj", "{BC9F7371-76AA-4117-A664-AED391AA4F0F}"
EndProject
Global
	GlobalSection(SolutionConfigurationPlatforms) = preSolution
		Debug|Any CPU = Debug|Any CPU
		Release|Any CPU = Release|Any CPU
	EndGlobalSection
	GlobalSection(ProjectConfigurationPlatforms) = postSolution
		{BC9F7371-76AA-4117-A664-AED391AA4F0F}.Debug|Any CPU.ActiveCfg = Debug|Any CPU
		{BC9F7371-76AA-4117-A664-AED391AA4F0F}.Debug|Any CPU.Build.0 = Debug|Any CPU
		{BC9F7371-76AA-4117-A664-AED391AA4F0F}.Release|Any CPU.ActiveCfg = Release|Any CPU
		{BC9F7371-76AA-4117-A664-AED391AA4F0F}.Release|Any CPU.Build.0 = Release|Any CPU
	EndGlobalSection
	GlobalSection(SolutionProperties) = preSolution
		HideSolutionNode = FALSE
	EndGlobalSection
	GlobalSection(ExtensibilityGlobals) = postSolution
		SolutionGuid = {D60B1333-47A2-40A9-8362-B9A51B9AB0C0}
	EndGlobalSection
EndGlobal
