
Microsoft Visual Studio Solution File, Format Version 12.00
# Visual Studio 15
VisualStudioVersion = 15.0.28010.2048
MinimumVisualStudioVersion = 10.0.40219.1
Project("{FAE04EC0-301F-11D3-BF4B-00C04F79EFBC}") = "28082019_WPF_ExamQ3", "28082019_WPF_ExamQ3\28082019_WPF_ExamQ3.csproj", "{D48B1BB1-82C6-441D-BD80-1C3CE8F520C6}"
EndProject
Global
	GlobalSection(SolutionConfigurationPlatforms) = preSolution
		Debug|Any CPU = Debug|Any CPU
		Release|Any CPU = Release|Any CPU
	EndGlobalSection
	GlobalSection(ProjectConfigurationPlatforms) = postSolution
		{D48B1BB1-82C6-441D-BD80-1C3CE8F520C6}.Debug|Any CPU.ActiveCfg = Debug|Any CPU
		{D48B1BB1-82C6-441D-BD80-1C3CE8F520C6}.Debug|Any CPU.Build.0 = Debug|Any CPU
		{D48B1BB1-82C6-441D-BD80-1C3CE8F520C6}.Release|Any CPU.ActiveCfg = Release|Any CPU
		{D48B1BB1-82C6-441D-BD80-1C3CE8F520C6}.Release|Any CPU.Build.0 = Release|Any CPU
	EndGlobalSection
	GlobalSection(SolutionProperties) = preSolution
		HideSolutionNode = FALSE
	EndGlobalSection
	GlobalSection(ExtensibilityGlobals) = postSolution
		SolutionGuid = {1B5DA4B1-2B99-4CB1-8680-EA373EDB0838}
	EndGlobalSection
EndGlobal
